// !$*UTF8*$!
{
	archiveVersion = 1;
	classes = {
	};
	objectVersion = 56;
	objects = {

/* Begin PBXBuildFile section */
		A52E8342ED828AFAEA0A394E /* Pods_Neobis_iOS_Auth.framework in Frameworks */ = {isa = PBXBuildFile; fileRef = 367691171E9F2F3DD28B304B /* Pods_Neobis_iOS_Auth.framework */; };
		F01A29402A1DEC2100211F7C /* Gotham Pro Regular.ttf in Resources */ = {isa = PBXBuildFile; fileRef = F01A293F2A1DEC2000211F7C /* Gotham Pro Regular.ttf */; };
		F01A29482A1E29BF00211F7C /* PasswordResetView.swift in Sources */ = {isa = PBXBuildFile; fileRef = F01A29472A1E29BF00211F7C /* PasswordResetView.swift */; };
		F01A294A2A1E2AFD00211F7C /* PasswordResetViewController.swift in Sources */ = {isa = PBXBuildFile; fileRef = F01A29492A1E2AFD00211F7C /* PasswordResetViewController.swift */; };
		F01A294C2A1E2B4F00211F7C /* PasswordResetViewModel.swift in Sources */ = {isa = PBXBuildFile; fileRef = F01A294B2A1E2B4F00211F7C /* PasswordResetViewModel.swift */; };
		F01A294E2A1E2C9900211F7C /* PasswordResetCoordinator.swift in Sources */ = {isa = PBXBuildFile; fileRef = F01A294D2A1E2C9900211F7C /* PasswordResetCoordinator.swift */; };
		F0A95D512A1C8514008D6414 /* RegisterViewController.swift in Sources */ = {isa = PBXBuildFile; fileRef = F0A95D502A1C8514008D6414 /* RegisterViewController.swift */; };
		F0A95D532A1C8535008D6414 /* RegisterViewModel.swift in Sources */ = {isa = PBXBuildFile; fileRef = F0A95D522A1C8535008D6414 /* RegisterViewModel.swift */; };
		F0A95D552A1C85A6008D6414 /* RegisterCoordinator.swift in Sources */ = {isa = PBXBuildFile; fileRef = F0A95D542A1C85A6008D6414 /* RegisterCoordinator.swift */; };
		F0A95D572A1C8692008D6414 /* RegisterView.swift in Sources */ = {isa = PBXBuildFile; fileRef = F0A95D562A1C8692008D6414 /* RegisterView.swift */; };
		F0A95D592A1C8A96008D6414 /* sf-pro-text_semibold.ttf in Resources */ = {isa = PBXBuildFile; fileRef = F0A95D582A1C8A96008D6414 /* sf-pro-text_semibold.ttf */; };
		F0A95D5B2A1C941E008D6414 /* BaseViewController.swift in Sources */ = {isa = PBXBuildFile; fileRef = F0A95D5A2A1C941E008D6414 /* BaseViewController.swift */; };
		F0A95D652A1CDFE8008D6414 /* ForgotPasswordView.swift in Sources */ = {isa = PBXBuildFile; fileRef = F0A95D642A1CDFE8008D6414 /* ForgotPasswordView.swift */; };
		F0A95D672A1CE010008D6414 /* ForgotPasswordController.swift in Sources */ = {isa = PBXBuildFile; fileRef = F0A95D662A1CE010008D6414 /* ForgotPasswordController.swift */; };
		F0A95D692A1CE056008D6414 /* ForgotPasswordViewModel.swift in Sources */ = {isa = PBXBuildFile; fileRef = F0A95D682A1CE056008D6414 /* ForgotPasswordViewModel.swift */; };
		F0A95D6B2A1CE1CB008D6414 /* ForgotPasswordCoordinator.swift in Sources */ = {isa = PBXBuildFile; fileRef = F0A95D6A2A1CE1CB008D6414 /* ForgotPasswordCoordinator.swift */; };
		F0A95D6E2A1CF4CC008D6414 /* SentEmailView.swift in Sources */ = {isa = PBXBuildFile; fileRef = F0A95D6D2A1CF4CC008D6414 /* SentEmailView.swift */; };
		F0A95D702A1CF51E008D6414 /* BaseView.swift in Sources */ = {isa = PBXBuildFile; fileRef = F0A95D6F2A1CF51E008D6414 /* BaseView.swift */; };
		F0A95D722A1CF98C008D6414 /* UIViewExtension.swift in Sources */ = {isa = PBXBuildFile; fileRef = F0A95D712A1CF98C008D6414 /* UIViewExtension.swift */; };
		F0DC658E2A1B924B00341C08 /* AppCoordinator.swift in Sources */ = {isa = PBXBuildFile; fileRef = F0DC658D2A1B924B00341C08 /* AppCoordinator.swift */; };
		F0DC65902A1B925F00341C08 /* Coordinator.swift in Sources */ = {isa = PBXBuildFile; fileRef = F0DC658F2A1B925F00341C08 /* Coordinator.swift */; };
		F0DC65952A1B929C00341C08 /* BaseNavigationController.swift in Sources */ = {isa = PBXBuildFile; fileRef = F0DC65942A1B929C00341C08 /* BaseNavigationController.swift */; };
		F0DC65982A1B92C900341C08 /* FlexibleHeightWidth.swift in Sources */ = {isa = PBXBuildFile; fileRef = F0DC65972A1B92C900341C08 /* FlexibleHeightWidth.swift */; };
		F0DC659B2A1B92E800341C08 /* Bindable.swift in Sources */ = {isa = PBXBuildFile; fileRef = F0DC659A2A1B92E800341C08 /* Bindable.swift */; };
		F0DC65A22A1B940700341C08 /* SplashViewController.swift in Sources */ = {isa = PBXBuildFile; fileRef = F0DC65A12A1B940700341C08 /* SplashViewController.swift */; };
		F0DC65A62A1B945F00341C08 /* SplashViewModel.swift in Sources */ = {isa = PBXBuildFile; fileRef = F0DC65A52A1B945F00341C08 /* SplashViewModel.swift */; };
		F0DC65A82A1B94ED00341C08 /* SplashCoordinator.swift in Sources */ = {isa = PBXBuildFile; fileRef = F0DC65A72A1B94ED00341C08 /* SplashCoordinator.swift */; };
		F0DC65AA2A1B95D500341C08 /* SplashView.swift in Sources */ = {isa = PBXBuildFile; fileRef = F0DC65A92A1B95D500341C08 /* SplashView.swift */; };
		F0DC65AD2A1B992700341C08 /* Gotham Pro Medium.ttf in Resources */ = {isa = PBXBuildFile; fileRef = F0DC65AC2A1B992700341C08 /* Gotham Pro Medium.ttf */; };
		F0DC65AF2A1B9BE900341C08 /* Gotham Pro Black.ttf in Resources */ = {isa = PBXBuildFile; fileRef = F0DC65AE2A1B9BE900341C08 /* Gotham Pro Black.ttf */; };
		F0DC65B62A1BA2A400341C08 /* LoginCoordinator.swift in Sources */ = {isa = PBXBuildFile; fileRef = F0DC65B52A1BA2A400341C08 /* LoginCoordinator.swift */; };
		F0DC65B82A1BA2E600341C08 /* LoginViewModel.swift in Sources */ = {isa = PBXBuildFile; fileRef = F0DC65B72A1BA2E600341C08 /* LoginViewModel.swift */; };
		F0DC65BC2A1BA33200341C08 /* LoginViewController.swift in Sources */ = {isa = PBXBuildFile; fileRef = F0DC65BB2A1BA33200341C08 /* LoginViewController.swift */; };
		F0DC65BE2A1BA46E00341C08 /* LoginView.swift in Sources */ = {isa = PBXBuildFile; fileRef = F0DC65BD2A1BA46E00341C08 /* LoginView.swift */; };
		F0DC65C02A1BA66000341C08 /* CustomTextField.swift in Sources */ = {isa = PBXBuildFile; fileRef = F0DC65BF2A1BA66000341C08 /* CustomTextField.swift */; };
		F0E3C3F62A1B52D10084C651 /* AppDelegate.swift in Sources */ = {isa = PBXBuildFile; fileRef = F0E3C3F52A1B52D10084C651 /* AppDelegate.swift */; };
		F0E3C3FD2A1B52D10084C651 /* Main.storyboard in Resources */ = {isa = PBXBuildFile; fileRef = F0E3C3FB2A1B52D10084C651 /* Main.storyboard */; };
		F0E3C3FF2A1B52D20084C651 /* Assets.xcassets in Resources */ = {isa = PBXBuildFile; fileRef = F0E3C3FE2A1B52D20084C651 /* Assets.xcassets */; };
		F0E3C4022A1B52D20084C651 /* LaunchScreen.storyboard in Resources */ = {isa = PBXBuildFile; fileRef = F0E3C4002A1B52D20084C651 /* LaunchScreen.storyboard */; };
/* End PBXBuildFile section */

/* Begin PBXFileReference section */
		367691171E9F2F3DD28B304B /* Pods_Neobis_iOS_Auth.framework */ = {isa = PBXFileReference; explicitFileType = wrapper.framework; includeInIndex = 0; path = Pods_Neobis_iOS_Auth.framework; sourceTree = BUILT_PRODUCTS_DIR; };
		A1566DD002E287F7119F90D3 /* Pods-Neobis_iOS_Auth.release.xcconfig */ = {isa = PBXFileReference; includeInIndex = 1; lastKnownFileType = text.xcconfig; name = "Pods-Neobis_iOS_Auth.release.xcconfig"; path = "Target Support Files/Pods-Neobis_iOS_Auth/Pods-Neobis_iOS_Auth.release.xcconfig"; sourceTree = "<group>"; };
		B9D48B479137FFF34D01EF6E /* Pods-Neobis_iOS_Auth.debug.xcconfig */ = {isa = PBXFileReference; includeInIndex = 1; lastKnownFileType = text.xcconfig; name = "Pods-Neobis_iOS_Auth.debug.xcconfig"; path = "Target Support Files/Pods-Neobis_iOS_Auth/Pods-Neobis_iOS_Auth.debug.xcconfig"; sourceTree = "<group>"; };
		F01A293F2A1DEC2000211F7C /* Gotham Pro Regular.ttf */ = {isa = PBXFileReference; lastKnownFileType = file; path = "Gotham Pro Regular.ttf"; sourceTree = "<group>"; };
		F01A29472A1E29BF00211F7C /* PasswordResetView.swift */ = {isa = PBXFileReference; lastKnownFileType = sourcecode.swift; path = PasswordResetView.swift; sourceTree = "<group>"; };
		F01A29492A1E2AFD00211F7C /* PasswordResetViewController.swift */ = {isa = PBXFileReference; lastKnownFileType = sourcecode.swift; path = PasswordResetViewController.swift; sourceTree = "<group>"; };
		F01A294B2A1E2B4F00211F7C /* PasswordResetViewModel.swift */ = {isa = PBXFileReference; lastKnownFileType = sourcecode.swift; path = PasswordResetViewModel.swift; sourceTree = "<group>"; };
		F01A294D2A1E2C9900211F7C /* PasswordResetCoordinator.swift */ = {isa = PBXFileReference; lastKnownFileType = sourcecode.swift; path = PasswordResetCoordinator.swift; sourceTree = "<group>"; };
		F0A95D502A1C8514008D6414 /* RegisterViewController.swift */ = {isa = PBXFileReference; lastKnownFileType = sourcecode.swift; path = RegisterViewController.swift; sourceTree = "<group>"; };
		F0A95D522A1C8535008D6414 /* RegisterViewModel.swift */ = {isa = PBXFileReference; lastKnownFileType = sourcecode.swift; path = RegisterViewModel.swift; sourceTree = "<group>"; };
		F0A95D542A1C85A6008D6414 /* RegisterCoordinator.swift */ = {isa = PBXFileReference; lastKnownFileType = sourcecode.swift; path = RegisterCoordinator.swift; sourceTree = "<group>"; };
		F0A95D562A1C8692008D6414 /* RegisterView.swift */ = {isa = PBXFileReference; lastKnownFileType = sourcecode.swift; path = RegisterView.swift; sourceTree = "<group>"; };
		F0A95D582A1C8A96008D6414 /* sf-pro-text_semibold.ttf */ = {isa = PBXFileReference; lastKnownFileType = file; path = "sf-pro-text_semibold.ttf"; sourceTree = "<group>"; };
		F0A95D5A2A1C941E008D6414 /* BaseViewController.swift */ = {isa = PBXFileReference; lastKnownFileType = sourcecode.swift; path = BaseViewController.swift; sourceTree = "<group>"; };
		F0A95D642A1CDFE8008D6414 /* ForgotPasswordView.swift */ = {isa = PBXFileReference; lastKnownFileType = sourcecode.swift; path = ForgotPasswordView.swift; sourceTree = "<group>"; };
		F0A95D662A1CE010008D6414 /* ForgotPasswordController.swift */ = {isa = PBXFileReference; lastKnownFileType = sourcecode.swift; path = ForgotPasswordController.swift; sourceTree = "<group>"; };
		F0A95D682A1CE056008D6414 /* ForgotPasswordViewModel.swift */ = {isa = PBXFileReference; lastKnownFileType = sourcecode.swift; path = ForgotPasswordViewModel.swift; sourceTree = "<group>"; };
		F0A95D6A2A1CE1CB008D6414 /* ForgotPasswordCoordinator.swift */ = {isa = PBXFileReference; lastKnownFileType = sourcecode.swift; path = ForgotPasswordCoordinator.swift; sourceTree = "<group>"; };
		F0A95D6D2A1CF4CC008D6414 /* SentEmailView.swift */ = {isa = PBXFileReference; lastKnownFileType = sourcecode.swift; path = SentEmailView.swift; sourceTree = "<group>"; };
		F0A95D6F2A1CF51E008D6414 /* BaseView.swift */ = {isa = PBXFileReference; lastKnownFileType = sourcecode.swift; path = BaseView.swift; sourceTree = "<group>"; };
		F0A95D712A1CF98C008D6414 /* UIViewExtension.swift */ = {isa = PBXFileReference; lastKnownFileType = sourcecode.swift; path = UIViewExtension.swift; sourceTree = "<group>"; };
		F0DC658D2A1B924B00341C08 /* AppCoordinator.swift */ = {isa = PBXFileReference; lastKnownFileType = sourcecode.swift; path = AppCoordinator.swift; sourceTree = "<group>"; };
		F0DC658F2A1B925F00341C08 /* Coordinator.swift */ = {isa = PBXFileReference; lastKnownFileType = sourcecode.swift; path = Coordinator.swift; sourceTree = "<group>"; };
		F0DC65942A1B929C00341C08 /* BaseNavigationController.swift */ = {isa = PBXFileReference; lastKnownFileType = sourcecode.swift; path = BaseNavigationController.swift; sourceTree = "<group>"; };
		F0DC65972A1B92C900341C08 /* FlexibleHeightWidth.swift */ = {isa = PBXFileReference; lastKnownFileType = sourcecode.swift; path = FlexibleHeightWidth.swift; sourceTree = "<group>"; };
		F0DC659A2A1B92E800341C08 /* Bindable.swift */ = {isa = PBXFileReference; lastKnownFileType = sourcecode.swift; path = Bindable.swift; sourceTree = "<group>"; };
		F0DC65A12A1B940700341C08 /* SplashViewController.swift */ = {isa = PBXFileReference; lastKnownFileType = sourcecode.swift; path = SplashViewController.swift; sourceTree = "<group>"; };
		F0DC65A52A1B945F00341C08 /* SplashViewModel.swift */ = {isa = PBXFileReference; lastKnownFileType = sourcecode.swift; path = SplashViewModel.swift; sourceTree = "<group>"; };
		F0DC65A72A1B94ED00341C08 /* SplashCoordinator.swift */ = {isa = PBXFileReference; lastKnownFileType = sourcecode.swift; path = SplashCoordinator.swift; sourceTree = "<group>"; };
		F0DC65A92A1B95D500341C08 /* SplashView.swift */ = {isa = PBXFileReference; lastKnownFileType = sourcecode.swift; path = SplashView.swift; sourceTree = "<group>"; };
		F0DC65AC2A1B992700341C08 /* Gotham Pro Medium.ttf */ = {isa = PBXFileReference; lastKnownFileType = file; path = "Gotham Pro Medium.ttf"; sourceTree = "<group>"; };
		F0DC65AE2A1B9BE900341C08 /* Gotham Pro Black.ttf */ = {isa = PBXFileReference; lastKnownFileType = file; path = "Gotham Pro Black.ttf"; sourceTree = "<group>"; };
		F0DC65B52A1BA2A400341C08 /* LoginCoordinator.swift */ = {isa = PBXFileReference; lastKnownFileType = sourcecode.swift; path = LoginCoordinator.swift; sourceTree = "<group>"; };
		F0DC65B72A1BA2E600341C08 /* LoginViewModel.swift */ = {isa = PBXFileReference; lastKnownFileType = sourcecode.swift; path = LoginViewModel.swift; sourceTree = "<group>"; };
		F0DC65BB2A1BA33200341C08 /* LoginViewController.swift */ = {isa = PBXFileReference; lastKnownFileType = sourcecode.swift; path = LoginViewController.swift; sourceTree = "<group>"; };
		F0DC65BD2A1BA46E00341C08 /* LoginView.swift */ = {isa = PBXFileReference; lastKnownFileType = sourcecode.swift; path = LoginView.swift; sourceTree = "<group>"; };
		F0DC65BF2A1BA66000341C08 /* CustomTextField.swift */ = {isa = PBXFileReference; lastKnownFileType = sourcecode.swift; path = CustomTextField.swift; sourceTree = "<group>"; };
		F0E3C3F22A1B52D10084C651 /* Neobis_iOS_Auth.app */ = {isa = PBXFileReference; explicitFileType = wrapper.application; includeInIndex = 0; path = Neobis_iOS_Auth.app; sourceTree = BUILT_PRODUCTS_DIR; };
		F0E3C3F52A1B52D10084C651 /* AppDelegate.swift */ = {isa = PBXFileReference; lastKnownFileType = sourcecode.swift; path = AppDelegate.swift; sourceTree = "<group>"; };
		F0E3C3FC2A1B52D10084C651 /* Base */ = {isa = PBXFileReference; lastKnownFileType = file.storyboard; name = Base; path = Base.lproj/Main.storyboard; sourceTree = "<group>"; };
		F0E3C3FE2A1B52D20084C651 /* Assets.xcassets */ = {isa = PBXFileReference; lastKnownFileType = folder.assetcatalog; path = Assets.xcassets; sourceTree = "<group>"; };
		F0E3C4012A1B52D20084C651 /* Base */ = {isa = PBXFileReference; lastKnownFileType = file.storyboard; name = Base; path = Base.lproj/LaunchScreen.storyboard; sourceTree = "<group>"; };
		F0E3C4032A1B52D20084C651 /* Info.plist */ = {isa = PBXFileReference; lastKnownFileType = text.plist.xml; path = Info.plist; sourceTree = "<group>"; };
/* End PBXFileReference section */

/* Begin PBXFrameworksBuildPhase section */
		F0E3C3EF2A1B52D10084C651 /* Frameworks */ = {
			isa = PBXFrameworksBuildPhase;
			buildActionMask = 2147483647;
			files = (
				A52E8342ED828AFAEA0A394E /* Pods_Neobis_iOS_Auth.framework in Frameworks */,
			);
			runOnlyForDeploymentPostprocessing = 0;
		};
/* End PBXFrameworksBuildPhase section */

/* Begin PBXGroup section */
		018FA226C1FDB595A5A5172F /* Pods */ = {
			isa = PBXGroup;
			children = (
				B9D48B479137FFF34D01EF6E /* Pods-Neobis_iOS_Auth.debug.xcconfig */,
				A1566DD002E287F7119F90D3 /* Pods-Neobis_iOS_Auth.release.xcconfig */,
			);
			path = Pods;
			sourceTree = "<group>";
		};
		F01A29412A1E27F300211F7C /* PasswordReset */ = {
			isa = PBXGroup;
			children = (
				F01A29422A1E286600211F7C /* Coordinator */,
				F01A29432A1E286C00211F7C /* ViewModel */,
				F01A29442A1E287200211F7C /* View */,
			);
			path = PasswordReset;
			sourceTree = "<group>";
		};
		F01A29422A1E286600211F7C /* Coordinator */ = {
			isa = PBXGroup;
			children = (
				F01A294D2A1E2C9900211F7C /* PasswordResetCoordinator.swift */,
			);
			path = Coordinator;
			sourceTree = "<group>";
		};
		F01A29432A1E286C00211F7C /* ViewModel */ = {
			isa = PBXGroup;
			children = (
				F01A294B2A1E2B4F00211F7C /* PasswordResetViewModel.swift */,
			);
			path = ViewModel;
			sourceTree = "<group>";
		};
		F01A29442A1E287200211F7C /* View */ = {
			isa = PBXGroup;
			children = (
				F01A29452A1E29A000211F7C /* Controller */,
				F01A29462A1E29A700211F7C /* Subview */,
			);
			path = View;
			sourceTree = "<group>";
		};
		F01A29452A1E29A000211F7C /* Controller */ = {
			isa = PBXGroup;
			children = (
				F01A29492A1E2AFD00211F7C /* PasswordResetViewController.swift */,
			);
			path = Controller;
			sourceTree = "<group>";
		};
		F01A29462A1E29A700211F7C /* Subview */ = {
			isa = PBXGroup;
			children = (
				F01A29472A1E29BF00211F7C /* PasswordResetView.swift */,
			);
			path = Subview;
			sourceTree = "<group>";
		};
		F078EA603D5FBB05FDD7EC4C /* Frameworks */ = {
			isa = PBXGroup;
			children = (
				367691171E9F2F3DD28B304B /* Pods_Neobis_iOS_Auth.framework */,
			);
			name = Frameworks;
			sourceTree = "<group>";
		};
		F0A95D4B2A1C84DA008D6414 /* Coordinator */ = {
			isa = PBXGroup;
			children = (
				F0A95D542A1C85A6008D6414 /* RegisterCoordinator.swift */,
			);
			path = Coordinator;
			sourceTree = "<group>";
		};
		F0A95D4C2A1C84E0008D6414 /* ViewModel */ = {
			isa = PBXGroup;
			children = (
				F0A95D522A1C8535008D6414 /* RegisterViewModel.swift */,
			);
			path = ViewModel;
			sourceTree = "<group>";
		};
		F0A95D4D2A1C84E6008D6414 /* View */ = {
			isa = PBXGroup;
			children = (
				F0A95D4E2A1C84EA008D6414 /* Controller */,
				F0A95D4F2A1C84F0008D6414 /* Subview */,
			);
			path = View;
			sourceTree = "<group>";
		};
		F0A95D4E2A1C84EA008D6414 /* Controller */ = {
			isa = PBXGroup;
			children = (
				F0A95D502A1C8514008D6414 /* RegisterViewController.swift */,
			);
			path = Controller;
			sourceTree = "<group>";
		};
		F0A95D4F2A1C84F0008D6414 /* Subview */ = {
			isa = PBXGroup;
			children = (
				F0A95D562A1C8692008D6414 /* RegisterView.swift */,
			);
			path = Subview;
			sourceTree = "<group>";
		};
		F0A95D5E2A1CDF92008D6414 /* ForgotPassword */ = {
			isa = PBXGroup;
			children = (
				F0A95D5F2A1CDFAD008D6414 /* Coordinator */,
				F0A95D602A1CDFB3008D6414 /* ViewModel */,
				F0A95D612A1CDFB9008D6414 /* View */,
			);
			path = ForgotPassword;
			sourceTree = "<group>";
		};
		F0A95D5F2A1CDFAD008D6414 /* Coordinator */ = {
			isa = PBXGroup;
			children = (
				F0A95D6A2A1CE1CB008D6414 /* ForgotPasswordCoordinator.swift */,
			);
			path = Coordinator;
			sourceTree = "<group>";
		};
		F0A95D602A1CDFB3008D6414 /* ViewModel */ = {
			isa = PBXGroup;
			children = (
				F0A95D682A1CE056008D6414 /* ForgotPasswordViewModel.swift */,
			);
			path = ViewModel;
			sourceTree = "<group>";
		};
		F0A95D612A1CDFB9008D6414 /* View */ = {
			isa = PBXGroup;
			children = (
				F0A95D622A1CDFCC008D6414 /* Controller */,
				F0A95D632A1CDFD1008D6414 /* Subview */,
			);
			path = View;
			sourceTree = "<group>";
		};
		F0A95D622A1CDFCC008D6414 /* Controller */ = {
			isa = PBXGroup;
			children = (
				F0A95D662A1CE010008D6414 /* ForgotPasswordController.swift */,
			);
			path = Controller;
			sourceTree = "<group>";
		};
		F0A95D632A1CDFD1008D6414 /* Subview */ = {
			isa = PBXGroup;
			children = (
				F0A95D642A1CDFE8008D6414 /* ForgotPasswordView.swift */,
				F0A95D6D2A1CF4CC008D6414 /* SentEmailView.swift */,
			);
			path = Subview;
			sourceTree = "<group>";
		};
		F0DC658C2A1B8BDF00341C08 /* Coordinator */ = {
			isa = PBXGroup;
			children = (
				F0DC658F2A1B925F00341C08 /* Coordinator.swift */,
				F0DC658D2A1B924B00341C08 /* AppCoordinator.swift */,
			);
			path = Coordinator;
			sourceTree = "<group>";
		};
		F0DC65912A1B927700341C08 /* Flow */ = {
			isa = PBXGroup;
			children = (
				F0DC659D2A1B937600341C08 /* Splash  */,
				F0DC65B12A1BA0F400341C08 /* Login */,
				F0DC65B02A1BA0DA00341C08 /* Register */,
				F0A95D5E2A1CDF92008D6414 /* ForgotPassword */,
				F01A29412A1E27F300211F7C /* PasswordReset */,
			);
			path = Flow;
			sourceTree = "<group>";
		};
		F0DC65922A1B928500341C08 /* Model */ = {
			isa = PBXGroup;
			children = (
			);
			path = Model;
			sourceTree = "<group>";
		};
		F0DC65932A1B928D00341C08 /* Base */ = {
			isa = PBXGroup;
			children = (
				F0DC65942A1B929C00341C08 /* BaseNavigationController.swift */,
				F0A95D5A2A1C941E008D6414 /* BaseViewController.swift */,
				F0A95D6F2A1CF51E008D6414 /* BaseView.swift */,
			);
			path = Base;
			sourceTree = "<group>";
		};
		F0DC65962A1B92AC00341C08 /* Helpers */ = {
			isa = PBXGroup;
			children = (
				F0DC65972A1B92C900341C08 /* FlexibleHeightWidth.swift */,
				F0DC659A2A1B92E800341C08 /* Bindable.swift */,
				F0A95D712A1CF98C008D6414 /* UIViewExtension.swift */,
				F0DC65BF2A1BA66000341C08 /* CustomTextField.swift */,
			);
			path = Helpers;
			sourceTree = "<group>";
		};
		F0DC659C2A1B92F900341C08 /* Delegate */ = {
			isa = PBXGroup;
			children = (
				F0E3C3F52A1B52D10084C651 /* AppDelegate.swift */,
			);
			path = Delegate;
			sourceTree = "<group>";
		};
		F0DC659D2A1B937600341C08 /* Splash  */ = {
			isa = PBXGroup;
			children = (
				F0DC659E2A1B93D200341C08 /* Coordinator */,
				F0DC659F2A1B93D800341C08 /* ViewModel */,
				F0DC65A02A1B93E600341C08 /* View */,
			);
			path = "Splash ";
			sourceTree = "<group>";
		};
		F0DC659E2A1B93D200341C08 /* Coordinator */ = {
			isa = PBXGroup;
			children = (
				F0DC65A72A1B94ED00341C08 /* SplashCoordinator.swift */,
			);
			path = Coordinator;
			sourceTree = "<group>";
		};
		F0DC659F2A1B93D800341C08 /* ViewModel */ = {
			isa = PBXGroup;
			children = (
				F0DC65A52A1B945F00341C08 /* SplashViewModel.swift */,
			);
			path = ViewModel;
			sourceTree = "<group>";
		};
		F0DC65A02A1B93E600341C08 /* View */ = {
			isa = PBXGroup;
			children = (
				F0DC65A32A1B942400341C08 /* Controller */,
				F0DC65A42A1B942D00341C08 /* Subview */,
			);
			path = View;
			sourceTree = "<group>";
		};
		F0DC65A32A1B942400341C08 /* Controller */ = {
			isa = PBXGroup;
			children = (
				F0DC65A12A1B940700341C08 /* SplashViewController.swift */,
			);
			path = Controller;
			sourceTree = "<group>";
		};
		F0DC65A42A1B942D00341C08 /* Subview */ = {
			isa = PBXGroup;
			children = (
				F0DC65A92A1B95D500341C08 /* SplashView.swift */,
			);
			path = Subview;
			sourceTree = "<group>";
		};
		F0DC65AB2A1B990D00341C08 /* Fonts */ = {
			isa = PBXGroup;
			children = (
				F0DC65AC2A1B992700341C08 /* Gotham Pro Medium.ttf */,
				F0DC65AE2A1B9BE900341C08 /* Gotham Pro Black.ttf */,
				F01A293F2A1DEC2000211F7C /* Gotham Pro Regular.ttf */,
				F0A95D582A1C8A96008D6414 /* sf-pro-text_semibold.ttf */,
			);
			path = Fonts;
			sourceTree = "<group>";
		};
		F0DC65B02A1BA0DA00341C08 /* Register */ = {
			isa = PBXGroup;
			children = (
				F0A95D4B2A1C84DA008D6414 /* Coordinator */,
				F0A95D4C2A1C84E0008D6414 /* ViewModel */,
				F0A95D4D2A1C84E6008D6414 /* View */,
			);
			path = Register;
			sourceTree = "<group>";
		};
		F0DC65B12A1BA0F400341C08 /* Login */ = {
			isa = PBXGroup;
			children = (
				F0DC65B22A1BA28400341C08 /* Coordinator */,
				F0DC65B42A1BA29500341C08 /* ViewModel */,
				F0DC65B32A1BA28E00341C08 /* View */,
			);
			path = Login;
			sourceTree = "<group>";
		};
		F0DC65B22A1BA28400341C08 /* Coordinator */ = {
			isa = PBXGroup;
			children = (
				F0DC65B52A1BA2A400341C08 /* LoginCoordinator.swift */,
			);
			path = Coordinator;
			sourceTree = "<group>";
		};
		F0DC65B32A1BA28E00341C08 /* View */ = {
			isa = PBXGroup;
			children = (
				F0DC65B92A1BA31B00341C08 /* Controller */,
				F0DC65BA2A1BA32300341C08 /* Subview */,
			);
			path = View;
			sourceTree = "<group>";
		};
		F0DC65B42A1BA29500341C08 /* ViewModel */ = {
			isa = PBXGroup;
			children = (
				F0DC65B72A1BA2E600341C08 /* LoginViewModel.swift */,
			);
			path = ViewModel;
			sourceTree = "<group>";
		};
		F0DC65B92A1BA31B00341C08 /* Controller */ = {
			isa = PBXGroup;
			children = (
				F0DC65BB2A1BA33200341C08 /* LoginViewController.swift */,
			);
			path = Controller;
			sourceTree = "<group>";
		};
		F0DC65BA2A1BA32300341C08 /* Subview */ = {
			isa = PBXGroup;
			children = (
				F0DC65BD2A1BA46E00341C08 /* LoginView.swift */,
			);
			path = Subview;
			sourceTree = "<group>";
		};
		F0E3C3E92A1B52D10084C651 = {
			isa = PBXGroup;
			children = (
				F0E3C3F42A1B52D10084C651 /* Neobis_iOS_Auth */,
				F0E3C3F32A1B52D10084C651 /* Products */,
				018FA226C1FDB595A5A5172F /* Pods */,
				F078EA603D5FBB05FDD7EC4C /* Frameworks */,
			);
			sourceTree = "<group>";
		};
		F0E3C3F32A1B52D10084C651 /* Products */ = {
			isa = PBXGroup;
			children = (
				F0E3C3F22A1B52D10084C651 /* Neobis_iOS_Auth.app */,
			);
			name = Products;
			sourceTree = "<group>";
		};
		F0E3C3F42A1B52D10084C651 /* Neobis_iOS_Auth */ = {
			isa = PBXGroup;
			children = (
				F0DC658C2A1B8BDF00341C08 /* Coordinator */,
				F0DC65912A1B927700341C08 /* Flow */,
				F0DC65922A1B928500341C08 /* Model */,
				F0DC65932A1B928D00341C08 /* Base */,
				F0DC65962A1B92AC00341C08 /* Helpers */,
				F0DC659C2A1B92F900341C08 /* Delegate */,
				F0DC65AB2A1B990D00341C08 /* Fonts */,
				F0E3C3FB2A1B52D10084C651 /* Main.storyboard */,
				F0E3C4002A1B52D20084C651 /* LaunchScreen.storyboard */,
				F0E3C3FE2A1B52D20084C651 /* Assets.xcassets */,
				F0E3C4032A1B52D20084C651 /* Info.plist */,
			);
			path = Neobis_iOS_Auth;
			sourceTree = "<group>";
		};
/* End PBXGroup section */

/* Begin PBXNativeTarget section */
		F0E3C3F12A1B52D10084C651 /* Neobis_iOS_Auth */ = {
			isa = PBXNativeTarget;
			buildConfigurationList = F0E3C4062A1B52D20084C651 /* Build configuration list for PBXNativeTarget "Neobis_iOS_Auth" */;
			buildPhases = (
				BADAAE3263DA1A433C85A241 /* [CP] Check Pods Manifest.lock */,
				F0E3C3EE2A1B52D10084C651 /* Sources */,
				F0E3C3EF2A1B52D10084C651 /* Frameworks */,
				F0E3C3F02A1B52D10084C651 /* Resources */,
				0F5108CB30195B6297C5E170 /* [CP] Embed Pods Frameworks */,
			);
			buildRules = (
			);
			dependencies = (
			);
			name = Neobis_iOS_Auth;
			productName = Neobis_iOS_Auth;
			productReference = F0E3C3F22A1B52D10084C651 /* Neobis_iOS_Auth.app */;
			productType = "com.apple.product-type.application";
		};
/* End PBXNativeTarget section */

/* Begin PBXProject section */
		F0E3C3EA2A1B52D10084C651 /* Project object */ = {
			isa = PBXProject;
			attributes = {
				BuildIndependentTargetsInParallel = 1;
				LastSwiftUpdateCheck = 1430;
				LastUpgradeCheck = 1430;
				TargetAttributes = {
					F0E3C3F12A1B52D10084C651 = {
						CreatedOnToolsVersion = 14.3;
					};
				};
			};
			buildConfigurationList = F0E3C3ED2A1B52D10084C651 /* Build configuration list for PBXProject "Neobis_iOS_Auth" */;
			compatibilityVersion = "Xcode 14.0";
			developmentRegion = en;
			hasScannedForEncodings = 0;
			knownRegions = (
				en,
				Base,
			);
			mainGroup = F0E3C3E92A1B52D10084C651;
			productRefGroup = F0E3C3F32A1B52D10084C651 /* Products */;
			projectDirPath = "";
			projectRoot = "";
			targets = (
				F0E3C3F12A1B52D10084C651 /* Neobis_iOS_Auth */,
			);
		};
/* End PBXProject section */

/* Begin PBXResourcesBuildPhase section */
		F0E3C3F02A1B52D10084C651 /* Resources */ = {
			isa = PBXResourcesBuildPhase;
			buildActionMask = 2147483647;
			files = (
				F0E3C4022A1B52D20084C651 /* LaunchScreen.storyboard in Resources */,
				F01A29402A1DEC2100211F7C /* Gotham Pro Regular.ttf in Resources */,
				F0DC65AF2A1B9BE900341C08 /* Gotham Pro Black.ttf in Resources */,
				F0E3C3FF2A1B52D20084C651 /* Assets.xcassets in Resources */,
				F0A95D592A1C8A96008D6414 /* sf-pro-text_semibold.ttf in Resources */,
				F0E3C3FD2A1B52D10084C651 /* Main.storyboard in Resources */,
				F0DC65AD2A1B992700341C08 /* Gotham Pro Medium.ttf in Resources */,
			);
			runOnlyForDeploymentPostprocessing = 0;
		};
/* End PBXResourcesBuildPhase section */

/* Begin PBXShellScriptBuildPhase section */
		0F5108CB30195B6297C5E170 /* [CP] Embed Pods Frameworks */ = {
			isa = PBXShellScriptBuildPhase;
			buildActionMask = 2147483647;
			files = (
			);
			inputFileListPaths = (
				"${PODS_ROOT}/Target Support Files/Pods-Neobis_iOS_Auth/Pods-Neobis_iOS_Auth-frameworks-${CONFIGURATION}-input-files.xcfilelist",
			);
			name = "[CP] Embed Pods Frameworks";
			outputFileListPaths = (
				"${PODS_ROOT}/Target Support Files/Pods-Neobis_iOS_Auth/Pods-Neobis_iOS_Auth-frameworks-${CONFIGURATION}-output-files.xcfilelist",
			);
			runOnlyForDeploymentPostprocessing = 0;
			shellPath = /bin/sh;
			shellScript = "\"${PODS_ROOT}/Target Support Files/Pods-Neobis_iOS_Auth/Pods-Neobis_iOS_Auth-frameworks.sh\"\n";
			showEnvVarsInLog = 0;
		};
		BADAAE3263DA1A433C85A241 /* [CP] Check Pods Manifest.lock */ = {
			isa = PBXShellScriptBuildPhase;
			buildActionMask = 2147483647;
			files = (
			);
			inputFileListPaths = (
			);
			inputPaths = (
				"${PODS_PODFILE_DIR_PATH}/Podfile.lock",
				"${PODS_ROOT}/Manifest.lock",
			);
			name = "[CP] Check Pods Manifest.lock";
			outputFileListPaths = (
			);
			outputPaths = (
				"$(DERIVED_FILE_DIR)/Pods-Neobis_iOS_Auth-checkManifestLockResult.txt",
			);
			runOnlyForDeploymentPostprocessing = 0;
			shellPath = /bin/sh;
			shellScript = "diff \"${PODS_PODFILE_DIR_PATH}/Podfile.lock\" \"${PODS_ROOT}/Manifest.lock\" > /dev/null\nif [ $? != 0 ] ; then\n    # print error to STDERR\n    echo \"error: The sandbox is not in sync with the Podfile.lock. Run 'pod install' or update your CocoaPods installation.\" >&2\n    exit 1\nfi\n# This output is used by Xcode 'outputs' to avoid re-running this script phase.\necho \"SUCCESS\" > \"${SCRIPT_OUTPUT_FILE_0}\"\n";
			showEnvVarsInLog = 0;
		};
/* End PBXShellScriptBuildPhase section */

/* Begin PBXSourcesBuildPhase section */
		F0E3C3EE2A1B52D10084C651 /* Sources */ = {
			isa = PBXSourcesBuildPhase;
			buildActionMask = 2147483647;
			files = (
				F0DC658E2A1B924B00341C08 /* AppCoordinator.swift in Sources */,
				F0A95D702A1CF51E008D6414 /* BaseView.swift in Sources */,
				F0A95D652A1CDFE8008D6414 /* ForgotPasswordView.swift in Sources */,
				F0A95D6B2A1CE1CB008D6414 /* ForgotPasswordCoordinator.swift in Sources */,
				F0DC65982A1B92C900341C08 /* FlexibleHeightWidth.swift in Sources */,
				F01A294C2A1E2B4F00211F7C /* PasswordResetViewModel.swift in Sources */,
				F0A95D672A1CE010008D6414 /* ForgotPasswordController.swift in Sources */,
				F0DC659B2A1B92E800341C08 /* Bindable.swift in Sources */,
				F0DC65A82A1B94ED00341C08 /* SplashCoordinator.swift in Sources */,
				F01A29482A1E29BF00211F7C /* PasswordResetView.swift in Sources */,
				F0DC65B62A1BA2A400341C08 /* LoginCoordinator.swift in Sources */,
				F0A95D5B2A1C941E008D6414 /* BaseViewController.swift in Sources */,
				F0A95D6E2A1CF4CC008D6414 /* SentEmailView.swift in Sources */,
				F0DC65952A1B929C00341C08 /* BaseNavigationController.swift in Sources */,
				F0DC65902A1B925F00341C08 /* Coordinator.swift in Sources */,
				F01A294A2A1E2AFD00211F7C /* PasswordResetViewController.swift in Sources */,
				F0DC65A22A1B940700341C08 /* SplashViewController.swift in Sources */,
				F0A95D572A1C8692008D6414 /* RegisterView.swift in Sources */,
				F0A95D722A1CF98C008D6414 /* UIViewExtension.swift in Sources */,
				F0DC65BE2A1BA46E00341C08 /* LoginView.swift in Sources */,
				F0A95D532A1C8535008D6414 /* RegisterViewModel.swift in Sources */,
				F0DC65B82A1BA2E600341C08 /* LoginViewModel.swift in Sources */,
				F0A95D552A1C85A6008D6414 /* RegisterCoordinator.swift in Sources */,
				F0DC65AA2A1B95D500341C08 /* SplashView.swift in Sources */,
				F0E3C3F62A1B52D10084C651 /* AppDelegate.swift in Sources */,
				F0A95D512A1C8514008D6414 /* RegisterViewController.swift in Sources */,
				F0A95D692A1CE056008D6414 /* ForgotPasswordViewModel.swift in Sources */,
				F0DC65BC2A1BA33200341C08 /* LoginViewController.swift in Sources */,
				F0DC65A62A1B945F00341C08 /* SplashViewModel.swift in Sources */,
				F01A294E2A1E2C9900211F7C /* PasswordResetCoordinator.swift in Sources */,
				F0DC65C02A1BA66000341C08 /* CustomTextField.swift in Sources */,
			);
			runOnlyForDeploymentPostprocessing = 0;
		};
/* End PBXSourcesBuildPhase section */

/* Begin PBXVariantGroup section */
		F0E3C3FB2A1B52D10084C651 /* Main.storyboard */ = {
			isa = PBXVariantGroup;
			children = (
				F0E3C3FC2A1B52D10084C651 /* Base */,
			);
			name = Main.storyboard;
			sourceTree = "<group>";
		};
		F0E3C4002A1B52D20084C651 /* LaunchScreen.storyboard */ = {
			isa = PBXVariantGroup;
			children = (
				F0E3C4012A1B52D20084C651 /* Base */,
			);
			name = LaunchScreen.storyboard;
			sourceTree = "<group>";
		};
/* End PBXVariantGroup section */

/* Begin XCBuildConfiguration section */
		F0E3C4042A1B52D20084C651 /* Debug */ = {
			isa = XCBuildConfiguration;
			buildSettings = {
				ALWAYS_SEARCH_USER_PATHS = NO;
				CLANG_ANALYZER_NONNULL = YES;
				CLANG_ANALYZER_NUMBER_OBJECT_CONVERSION = YES_AGGRESSIVE;
				CLANG_CXX_LANGUAGE_STANDARD = "gnu++20";
				CLANG_ENABLE_MODULES = YES;
				CLANG_ENABLE_OBJC_ARC = YES;
				CLANG_ENABLE_OBJC_WEAK = YES;
				CLANG_WARN_BLOCK_CAPTURE_AUTORELEASING = YES;
				CLANG_WARN_BOOL_CONVERSION = YES;
				CLANG_WARN_COMMA = YES;
				CLANG_WARN_CONSTANT_CONVERSION = YES;
				CLANG_WARN_DEPRECATED_OBJC_IMPLEMENTATIONS = YES;
				CLANG_WARN_DIRECT_OBJC_ISA_USAGE = YES_ERROR;
				CLANG_WARN_DOCUMENTATION_COMMENTS = YES;
				CLANG_WARN_EMPTY_BODY = YES;
				CLANG_WARN_ENUM_CONVERSION = YES;
				CLANG_WARN_INFINITE_RECURSION = YES;
				CLANG_WARN_INT_CONVERSION = YES;
				CLANG_WARN_NON_LITERAL_NULL_CONVERSION = YES;
				CLANG_WARN_OBJC_IMPLICIT_RETAIN_SELF = YES;
				CLANG_WARN_OBJC_LITERAL_CONVERSION = YES;
				CLANG_WARN_OBJC_ROOT_CLASS = YES_ERROR;
				CLANG_WARN_QUOTED_INCLUDE_IN_FRAMEWORK_HEADER = YES;
				CLANG_WARN_RANGE_LOOP_ANALYSIS = YES;
				CLANG_WARN_STRICT_PROTOTYPES = YES;
				CLANG_WARN_SUSPICIOUS_MOVE = YES;
				CLANG_WARN_UNGUARDED_AVAILABILITY = YES_AGGRESSIVE;
				CLANG_WARN_UNREACHABLE_CODE = YES;
				CLANG_WARN__DUPLICATE_METHOD_MATCH = YES;
				COPY_PHASE_STRIP = NO;
				DEBUG_INFORMATION_FORMAT = dwarf;
				ENABLE_STRICT_OBJC_MSGSEND = YES;
				ENABLE_TESTABILITY = YES;
				GCC_C_LANGUAGE_STANDARD = gnu11;
				GCC_DYNAMIC_NO_PIC = NO;
				GCC_NO_COMMON_BLOCKS = YES;
				GCC_OPTIMIZATION_LEVEL = 0;
				GCC_PREPROCESSOR_DEFINITIONS = (
					"DEBUG=1",
					"$(inherited)",
				);
				GCC_WARN_64_TO_32_BIT_CONVERSION = YES;
				GCC_WARN_ABOUT_RETURN_TYPE = YES_ERROR;
				GCC_WARN_UNDECLARED_SELECTOR = YES;
				GCC_WARN_UNINITIALIZED_AUTOS = YES_AGGRESSIVE;
				GCC_WARN_UNUSED_FUNCTION = YES;
				GCC_WARN_UNUSED_VARIABLE = YES;
				IPHONEOS_DEPLOYMENT_TARGET = 16.4;
				MTL_ENABLE_DEBUG_INFO = INCLUDE_SOURCE;
				MTL_FAST_MATH = YES;
				ONLY_ACTIVE_ARCH = YES;
				SDKROOT = iphoneos;
				SWIFT_ACTIVE_COMPILATION_CONDITIONS = DEBUG;
				SWIFT_OPTIMIZATION_LEVEL = "-Onone";
			};
			name = Debug;
		};
		F0E3C4052A1B52D20084C651 /* Release */ = {
			isa = XCBuildConfiguration;
			buildSettings = {
				ALWAYS_SEARCH_USER_PATHS = NO;
				CLANG_ANALYZER_NONNULL = YES;
				CLANG_ANALYZER_NUMBER_OBJECT_CONVERSION = YES_AGGRESSIVE;
				CLANG_CXX_LANGUAGE_STANDARD = "gnu++20";
				CLANG_ENABLE_MODULES = YES;
				CLANG_ENABLE_OBJC_ARC = YES;
				CLANG_ENABLE_OBJC_WEAK = YES;
				CLANG_WARN_BLOCK_CAPTURE_AUTORELEASING = YES;
				CLANG_WARN_BOOL_CONVERSION = YES;
				CLANG_WARN_COMMA = YES;
				CLANG_WARN_CONSTANT_CONVERSION = YES;
				CLANG_WARN_DEPRECATED_OBJC_IMPLEMENTATIONS = YES;
				CLANG_WARN_DIRECT_OBJC_ISA_USAGE = YES_ERROR;
				CLANG_WARN_DOCUMENTATION_COMMENTS = YES;
				CLANG_WARN_EMPTY_BODY = YES;
				CLANG_WARN_ENUM_CONVERSION = YES;
				CLANG_WARN_INFINITE_RECURSION = YES;
				CLANG_WARN_INT_CONVERSION = YES;
				CLANG_WARN_NON_LITERAL_NULL_CONVERSION = YES;
				CLANG_WARN_OBJC_IMPLICIT_RETAIN_SELF = YES;
				CLANG_WARN_OBJC_LITERAL_CONVERSION = YES;
				CLANG_WARN_OBJC_ROOT_CLASS = YES_ERROR;
				CLANG_WARN_QUOTED_INCLUDE_IN_FRAMEWORK_HEADER = YES;
				CLANG_WARN_RANGE_LOOP_ANALYSIS = YES;
				CLANG_WARN_STRICT_PROTOTYPES = YES;
				CLANG_WARN_SUSPICIOUS_MOVE = YES;
				CLANG_WARN_UNGUARDED_AVAILABILITY = YES_AGGRESSIVE;
				CLANG_WARN_UNREACHABLE_CODE = YES;
				CLANG_WARN__DUPLICATE_METHOD_MATCH = YES;
				COPY_PHASE_STRIP = NO;
				DEBUG_INFORMATION_FORMAT = "dwarf-with-dsym";
				ENABLE_NS_ASSERTIONS = NO;
				ENABLE_STRICT_OBJC_MSGSEND = YES;
				GCC_C_LANGUAGE_STANDARD = gnu11;
				GCC_NO_COMMON_BLOCKS = YES;
				GCC_WARN_64_TO_32_BIT_CONVERSION = YES;
				GCC_WARN_ABOUT_RETURN_TYPE = YES_ERROR;
				GCC_WARN_UNDECLARED_SELECTOR = YES;
				GCC_WARN_UNINITIALIZED_AUTOS = YES_AGGRESSIVE;
				GCC_WARN_UNUSED_FUNCTION = YES;
				GCC_WARN_UNUSED_VARIABLE = YES;
				IPHONEOS_DEPLOYMENT_TARGET = 16.4;
				MTL_ENABLE_DEBUG_INFO = NO;
				MTL_FAST_MATH = YES;
				SDKROOT = iphoneos;
				SWIFT_COMPILATION_MODE = wholemodule;
				SWIFT_OPTIMIZATION_LEVEL = "-O";
				VALIDATE_PRODUCT = YES;
			};
			name = Release;
		};
		F0E3C4072A1B52D20084C651 /* Debug */ = {
			isa = XCBuildConfiguration;
			baseConfigurationReference = B9D48B479137FFF34D01EF6E /* Pods-Neobis_iOS_Auth.debug.xcconfig */;
			buildSettings = {
				ASSETCATALOG_COMPILER_APPICON_NAME = AppIcon;
				ASSETCATALOG_COMPILER_GLOBAL_ACCENT_COLOR_NAME = AccentColor;
				CODE_SIGN_STYLE = Automatic;
				CURRENT_PROJECT_VERSION = 1;
				DEVELOPMENT_TEAM = ST4BHPXJQC;
				GENERATE_INFOPLIST_FILE = YES;
				INFOPLIST_FILE = Neobis_iOS_Auth/Info.plist;
				INFOPLIST_KEY_UIApplicationSupportsIndirectInputEvents = YES;
				INFOPLIST_KEY_UILaunchStoryboardName = LaunchScreen;
				INFOPLIST_KEY_UIMainStoryboardFile = Main;
				INFOPLIST_KEY_UISupportedInterfaceOrientations = UIInterfaceOrientationPortrait;
				INFOPLIST_KEY_UISupportedInterfaceOrientations_iPad = "UIInterfaceOrientationLandscapeLeft UIInterfaceOrientationLandscapeRight UIInterfaceOrientationPortrait UIInterfaceOrientationPortraitUpsideDown";
				LD_RUNPATH_SEARCH_PATHS = (
					"$(inherited)",
					"@executable_path/Frameworks",
				);
				MARKETING_VERSION = 1.0;
				PRODUCT_BUNDLE_IDENTIFIER = "-.Neobis-iOS-Auth";
				PRODUCT_NAME = "$(TARGET_NAME)";
				SUPPORTED_PLATFORMS = "iphoneos iphonesimulator";
				SUPPORTS_MACCATALYST = NO;
				SUPPORTS_MAC_DESIGNED_FOR_IPHONE_IPAD = NO;
				SWIFT_EMIT_LOC_STRINGS = YES;
				SWIFT_VERSION = 5.0;
				TARGETED_DEVICE_FAMILY = 1;
			};
			name = Debug;
		};
		F0E3C4082A1B52D20084C651 /* Release */ = {
			isa = XCBuildConfiguration;
			baseConfigurationReference = A1566DD002E287F7119F90D3 /* Pods-Neobis_iOS_Auth.release.xcconfig */;
			buildSettings = {
				ASSETCATALOG_COMPILER_APPICON_NAME = AppIcon;
				ASSETCATALOG_COMPILER_GLOBAL_ACCENT_COLOR_NAME = AccentColor;
				CODE_SIGN_STYLE = Automatic;
				CURRENT_PROJECT_VERSION = 1;
				DEVELOPMENT_TEAM = ST4BHPXJQC;
				GENERATE_INFOPLIST_FILE = YES;
				INFOPLIST_FILE = Neobis_iOS_Auth/Info.plist;
				INFOPLIST_KEY_UIApplicationSupportsIndirectInputEvents = YES;
				INFOPLIST_KEY_UILaunchStoryboardName = LaunchScreen;
				INFOPLIST_KEY_UIMainStoryboardFile = Main;
				INFOPLIST_KEY_UISupportedInterfaceOrientations = UIInterfaceOrientationPortrait;
				INFOPLIST_KEY_UISupportedInterfaceOrientations_iPad = "UIInterfaceOrientationLandscapeLeft UIInterfaceOrientationLandscapeRight UIInterfaceOrientationPortrait UIInterfaceOrientationPortraitUpsideDown";
				LD_RUNPATH_SEARCH_PATHS = (
					"$(inherited)",
					"@executable_path/Frameworks",
				);
				MARKETING_VERSION = 1.0;
				PRODUCT_BUNDLE_IDENTIFIER = "-.Neobis-iOS-Auth";
				PRODUCT_NAME = "$(TARGET_NAME)";
				SUPPORTED_PLATFORMS = "iphoneos iphonesimulator";
				SUPPORTS_MACCATALYST = NO;
				SUPPORTS_MAC_DESIGNED_FOR_IPHONE_IPAD = NO;
				SWIFT_EMIT_LOC_STRINGS = YES;
				SWIFT_VERSION = 5.0;
				TARGETED_DEVICE_FAMILY = 1;
			};
			name = Release;
		};
/* End XCBuildConfiguration section */

/* Begin XCConfigurationList section */
		F0E3C3ED2A1B52D10084C651 /* Build configuration list for PBXProject "Neobis_iOS_Auth" */ = {
			isa = XCConfigurationList;
			buildConfigurations = (
				F0E3C4042A1B52D20084C651 /* Debug */,
				F0E3C4052A1B52D20084C651 /* Release */,
			);
			defaultConfigurationIsVisible = 0;
			defaultConfigurationName = Release;
		};
		F0E3C4062A1B52D20084C651 /* Build configuration list for PBXNativeTarget "Neobis_iOS_Auth" */ = {
			isa = XCConfigurationList;
			buildConfigurations = (
				F0E3C4072A1B52D20084C651 /* Debug */,
				F0E3C4082A1B52D20084C651 /* Release */,
			);
			defaultConfigurationIsVisible = 0;
			defaultConfigurationName = Release;
		};
/* End XCConfigurationList section */
	};
	rootObject = F0E3C3EA2A1B52D10084C651 /* Project object */;
}
